// !$*UTF8*$!
{
	archiveVersion = 1;
	classes = {
	};
	objectVersion = 56;
	objects = {

/* Begin PBXBuildFile section */
		0C9E1FDB2BA9BAAA00C420CA /* AppDelegate.swift in Sources */ = {isa = PBXBuildFile; fileRef = 0C9E1FDA2BA9BAAA00C420CA /* AppDelegate.swift */; };
		0C9E1FDD2BA9BAAA00C420CA /* SceneDelegate.swift in Sources */ = {isa = PBXBuildFile; fileRef = 0C9E1FDC2BA9BAAA00C420CA /* SceneDelegate.swift */; };
		0C9E1FDF2BA9BAAA00C420CA /* ViewController.swift in Sources */ = {isa = PBXBuildFile; fileRef = 0C9E1FDE2BA9BAAA00C420CA /* ViewController.swift */; };
		0C9E1FE22BA9BAAA00C420CA /* Base in Resources */ = {isa = PBXBuildFile; fileRef = 0C9E1FE12BA9BAAA00C420CA /* Base */; };
		0C9E1FE42BA9BAAC00C420CA /* Assets.xcassets in Resources */ = {isa = PBXBuildFile; fileRef = 0C9E1FE32BA9BAAC00C420CA /* Assets.xcassets */; };
		0C9E1FE72BA9BAAC00C420CA /* Base in Resources */ = {isa = PBXBuildFile; fileRef = 0C9E1FE62BA9BAAC00C420CA /* Base */; };
		0C9E1FF22BA9BAAD00C420CA /* randomFoodTests.swift in Sources */ = {isa = PBXBuildFile; fileRef = 0C9E1FF12BA9BAAD00C420CA /* randomFoodTests.swift */; };
		0C9E1FFC2BA9BAAD00C420CA /* randomFoodUITests.swift in Sources */ = {isa = PBXBuildFile; fileRef = 0C9E1FFB2BA9BAAD00C420CA /* randomFoodUITests.swift */; };
		0C9E1FFE2BA9BAAD00C420CA /* randomFoodUITestsLaunchTests.swift in Sources */ = {isa = PBXBuildFile; fileRef = 0C9E1FFD2BA9BAAD00C420CA /* randomFoodUITestsLaunchTests.swift */; };
		0C9E200B2BA9C3B100C420CA /* AddDishViewController.swift in Sources */ = {isa = PBXBuildFile; fileRef = 0C9E200A2BA9C3B100C420CA /* AddDishViewController.swift */; };
		0C9E200F2BA9D7D400C420CA /* Model.swift in Sources */ = {isa = PBXBuildFile; fileRef = 0C9E200E2BA9D7D400C420CA /* Model.swift */; };
/* End PBXBuildFile section */

/* Begin PBXContainerItemProxy section */
		0C9E1FEE2BA9BAAD00C420CA /* PBXContainerItemProxy */ = {
			isa = PBXContainerItemProxy;
			containerPortal = 0C9E1FCF2BA9BAAA00C420CA /* Project object */;
			proxyType = 1;
			remoteGlobalIDString = 0C9E1FD62BA9BAAA00C420CA;
			remoteInfo = randomFood;
		};
		0C9E1FF82BA9BAAD00C420CA /* PBXContainerItemProxy */ = {
			isa = PBXContainerItemProxy;
			containerPortal = 0C9E1FCF2BA9BAAA00C420CA /* Project object */;
			proxyType = 1;
			remoteGlobalIDString = 0C9E1FD62BA9BAAA00C420CA;
			remoteInfo = randomFood;
		};
/* End PBXContainerItemProxy section */

/* Begin PBXFileReference section */
		0C9E1FD72BA9BAAA00C420CA /* randomFood.app */ = {isa = PBXFileReference; explicitFileType = wrapper.application; includeInIndex = 0; path = randomFood.app; sourceTree = BUILT_PRODUCTS_DIR; };
		0C9E1FDA2BA9BAAA00C420CA /* AppDelegate.swift */ = {isa = PBXFileReference; lastKnownFileType = sourcecode.swift; path = AppDelegate.swift; sourceTree = "<group>"; };
		0C9E1FDC2BA9BAAA00C420CA /* SceneDelegate.swift */ = {isa = PBXFileReference; lastKnownFileType = sourcecode.swift; path = SceneDelegate.swift; sourceTree = "<group>"; };
		0C9E1FDE2BA9BAAA00C420CA /* ViewController.swift */ = {isa = PBXFileReference; lastKnownFileType = sourcecode.swift; path = ViewController.swift; sourceTree = "<group>"; };
		0C9E1FE12BA9BAAA00C420CA /* Base */ = {isa = PBXFileReference; lastKnownFileType = file.storyboard; name = Base; path = Base.lproj/Main.storyboard; sourceTree = "<group>"; };
		0C9E1FE32BA9BAAC00C420CA /* Assets.xcassets */ = {isa = PBXFileReference; lastKnownFileType = folder.assetcatalog; path = Assets.xcassets; sourceTree = "<group>"; };
		0C9E1FE62BA9BAAC00C420CA /* Base */ = {isa = PBXFileReference; lastKnownFileType = file.storyboard; name = Base; path = Base.lproj/LaunchScreen.storyboard; sourceTree = "<group>"; };
		0C9E1FE82BA9BAAC00C420CA /* Info.plist */ = {isa = PBXFileReference; lastKnownFileType = text.plist.xml; path = Info.plist; sourceTree = "<group>"; };
		0C9E1FED2BA9BAAD00C420CA /* randomFoodTests.xctest */ = {isa = PBXFileReference; explicitFileType = wrapper.cfbundle; includeInIndex = 0; path = randomFoodTests.xctest; sourceTree = BUILT_PRODUCTS_DIR; };
		0C9E1FF12BA9BAAD00C420CA /* randomFoodTests.swift */ = {isa = PBXFileReference; lastKnownFileType = sourcecode.swift; path = randomFoodTests.swift; sourceTree = "<group>"; };
		0C9E1FF72BA9BAAD00C420CA /* randomFoodUITests.xctest */ = {isa = PBXFileReference; explicitFileType = wrapper.cfbundle; includeInIndex = 0; path = randomFoodUITests.xctest; sourceTree = BUILT_PRODUCTS_DIR; };
		0C9E1FFB2BA9BAAD00C420CA /* randomFoodUITests.swift */ = {isa = PBXFileReference; lastKnownFileType = sourcecode.swift; path = randomFoodUITests.swift; sourceTree = "<group>"; };
		0C9E1FFD2BA9BAAD00C420CA /* randomFoodUITestsLaunchTests.swift */ = {isa = PBXFileReference; lastKnownFileType = sourcecode.swift; path = randomFoodUITestsLaunchTests.swift; sourceTree = "<group>"; };
		0C9E200A2BA9C3B100C420CA /* AddDishViewController.swift */ = {isa = PBXFileReference; lastKnownFileType = sourcecode.swift; path = AddDishViewController.swift; sourceTree = "<group>"; };
		0C9E200E2BA9D7D400C420CA /* Model.swift */ = {isa = PBXFileReference; lastKnownFileType = sourcecode.swift; path = Model.swift; sourceTree = "<group>"; };
/* End PBXFileReference section */

/* Begin PBXFrameworksBuildPhase section */
		0C9E1FD42BA9BAAA00C420CA /* Frameworks */ = {
			isa = PBXFrameworksBuildPhase;
			buildActionMask = 2147483647;
			files = (
			);
			runOnlyForDeploymentPostprocessing = 0;
		};
		0C9E1FEA2BA9BAAD00C420CA /* Frameworks */ = {
			isa = PBXFrameworksBuildPhase;
			buildActionMask = 2147483647;
			files = (
			);
			runOnlyForDeploymentPostprocessing = 0;
		};
		0C9E1FF42BA9BAAD00C420CA /* Frameworks */ = {
			isa = PBXFrameworksBuildPhase;
			buildActionMask = 2147483647;
			files = (
			);
			runOnlyForDeploymentPostprocessing = 0;
		};
/* End PBXFrameworksBuildPhase section */

/* Begin PBXGroup section */
		0C9E1FCE2BA9BAAA00C420CA = {
			isa = PBXGroup;
			children = (
				0C9E1FD92BA9BAAA00C420CA /* randomFood */,
				0C9E1FF02BA9BAAD00C420CA /* randomFoodTests */,
				0C9E1FFA2BA9BAAD00C420CA /* randomFoodUITests */,
				0C9E1FD82BA9BAAA00C420CA /* Products */,
			);
			sourceTree = "<group>";
		};
		0C9E1FD82BA9BAAA00C420CA /* Products */ = {
			isa = PBXGroup;
			children = (
				0C9E1FD72BA9BAAA00C420CA /* randomFood.app */,
				0C9E1FED2BA9BAAD00C420CA /* randomFoodTests.xctest */,
				0C9E1FF72BA9BAAD00C420CA /* randomFoodUITests.xctest */,
			);
			name = Products;
			sourceTree = "<group>";
		};
		0C9E1FD92BA9BAAA00C420CA /* randomFood */ = {
			isa = PBXGroup;
			children = (
				0C9E1FDA2BA9BAAA00C420CA /* AppDelegate.swift */,
				0C9E200E2BA9D7D400C420CA /* Model.swift */,
				0C9E200A2BA9C3B100C420CA /* AddDishViewController.swift */,
				0C9E1FDC2BA9BAAA00C420CA /* SceneDelegate.swift */,
				0C9E1FDE2BA9BAAA00C420CA /* ViewController.swift */,
				0C9E1FE02BA9BAAA00C420CA /* Main.storyboard */,
				0C9E1FE32BA9BAAC00C420CA /* Assets.xcassets */,
				0C9E1FE52BA9BAAC00C420CA /* LaunchScreen.storyboard */,
				0C9E1FE82BA9BAAC00C420CA /* Info.plist */,
			);
			path = randomFood;
			sourceTree = "<group>";
		};
		0C9E1FF02BA9BAAD00C420CA /* randomFoodTests */ = {
			isa = PBXGroup;
			children = (
				0C9E1FF12BA9BAAD00C420CA /* randomFoodTests.swift */,
			);
			path = randomFoodTests;
			sourceTree = "<group>";
		};
		0C9E1FFA2BA9BAAD00C420CA /* randomFoodUITests */ = {
			isa = PBXGroup;
			children = (
				0C9E1FFB2BA9BAAD00C420CA /* randomFoodUITests.swift */,
				0C9E1FFD2BA9BAAD00C420CA /* randomFoodUITestsLaunchTests.swift */,
			);
			path = randomFoodUITests;
			sourceTree = "<group>";
		};
/* End PBXGroup section */

/* Begin PBXNativeTarget section */
		0C9E1FD62BA9BAAA00C420CA /* randomFood */ = {
			isa = PBXNativeTarget;
			buildConfigurationList = 0C9E20012BA9BAAD00C420CA /* Build configuration list for PBXNativeTarget "randomFood" */;
			buildPhases = (
				0C9E1FD32BA9BAAA00C420CA /* Sources */,
				0C9E1FD42BA9BAAA00C420CA /* Frameworks */,
				0C9E1FD52BA9BAAA00C420CA /* Resources */,
			);
			buildRules = (
			);
			dependencies = (
			);
			name = randomFood;
			productName = randomFood;
			productReference = 0C9E1FD72BA9BAAA00C420CA /* randomFood.app */;
			productType = "com.apple.product-type.application";
		};
		0C9E1FEC2BA9BAAD00C420CA /* randomFoodTests */ = {
			isa = PBXNativeTarget;
			buildConfigurationList = 0C9E20042BA9BAAD00C420CA /* Build configuration list for PBXNativeTarget "randomFoodTests" */;
			buildPhases = (
				0C9E1FE92BA9BAAD00C420CA /* Sources */,
				0C9E1FEA2BA9BAAD00C420CA /* Frameworks */,
				0C9E1FEB2BA9BAAD00C420CA /* Resources */,
			);
			buildRules = (
			);
			dependencies = (
				0C9E1FEF2BA9BAAD00C420CA /* PBXTargetDependency */,
			);
			name = randomFoodTests;
			productName = randomFoodTests;
			productReference = 0C9E1FED2BA9BAAD00C420CA /* randomFoodTests.xctest */;
			productType = "com.apple.product-type.bundle.unit-test";
		};
		0C9E1FF62BA9BAAD00C420CA /* randomFoodUITests */ = {
			isa = PBXNativeTarget;
			buildConfigurationList = 0C9E20072BA9BAAD00C420CA /* Build configuration list for PBXNativeTarget "randomFoodUITests" */;
			buildPhases = (
				0C9E1FF32BA9BAAD00C420CA /* Sources */,
				0C9E1FF42BA9BAAD00C420CA /* Frameworks */,
				0C9E1FF52BA9BAAD00C420CA /* Resources */,
			);
			buildRules = (
			);
			dependencies = (
				0C9E1FF92BA9BAAD00C420CA /* PBXTargetDependency */,
			);
			name = randomFoodUITests;
			productName = randomFoodUITests;
			productReference = 0C9E1FF72BA9BAAD00C420CA /* randomFoodUITests.xctest */;
			productType = "com.apple.product-type.bundle.ui-testing";
		};
/* End PBXNativeTarget section */

/* Begin PBXProject section */
		0C9E1FCF2BA9BAAA00C420CA /* Project object */ = {
			isa = PBXProject;
			attributes = {
				BuildIndependentTargetsInParallel = 1;
				LastSwiftUpdateCheck = 1530;
				LastUpgradeCheck = 1530;
				TargetAttributes = {
					0C9E1FD62BA9BAAA00C420CA = {
						CreatedOnToolsVersion = 15.3;
					};
					0C9E1FEC2BA9BAAD00C420CA = {
						CreatedOnToolsVersion = 15.3;
						TestTargetID = 0C9E1FD62BA9BAAA00C420CA;
					};
					0C9E1FF62BA9BAAD00C420CA = {
						CreatedOnToolsVersion = 15.3;
						TestTargetID = 0C9E1FD62BA9BAAA00C420CA;
					};
				};
			};
			buildConfigurationList = 0C9E1FD22BA9BAAA00C420CA /* Build configuration list for PBXProject "randomFood" */;
			compatibilityVersion = "Xcode 14.0";
			developmentRegion = en;
			hasScannedForEncodings = 0;
			knownRegions = (
				en,
				Base,
			);
			mainGroup = 0C9E1FCE2BA9BAAA00C420CA;
			productRefGroup = 0C9E1FD82BA9BAAA00C420CA /* Products */;
			projectDirPath = "";
			projectRoot = "";
			targets = (
				0C9E1FD62BA9BAAA00C420CA /* randomFood */,
				0C9E1FEC2BA9BAAD00C420CA /* randomFoodTests */,
				0C9E1FF62BA9BAAD00C420CA /* randomFoodUITests */,
			);
		};
/* End PBXProject section */

/* Begin PBXResourcesBuildPhase section */
		0C9E1FD52BA9BAAA00C420CA /* Resources */ = {
			isa = PBXResourcesBuildPhase;
			buildActionMask = 2147483647;
			files = (
				0C9E1FE42BA9BAAC00C420CA /* Assets.xcassets in Resources */,
				0C9E1FE72BA9BAAC00C420CA /* Base in Resources */,
				0C9E1FE22BA9BAAA00C420CA /* Base in Resources */,
			);
			runOnlyForDeploymentPostprocessing = 0;
		};
		0C9E1FEB2BA9BAAD00C420CA /* Resources */ = {
			isa = PBXResourcesBuildPhase;
			buildActionMask = 2147483647;
			files = (
			);
			runOnlyForDeploymentPostprocessing = 0;
		};
		0C9E1FF52BA9BAAD00C420CA /* Resources */ = {
			isa = PBXResourcesBuildPhase;
			buildActionMask = 2147483647;
			files = (
			);
			runOnlyForDeploymentPostprocessing = 0;
		};
/* End PBXResourcesBuildPhase section */

/* Begin PBXSourcesBuildPhase section */
		0C9E1FD32BA9BAAA00C420CA /* Sources */ = {
			isa = PBXSourcesBuildPhase;
			buildActionMask = 2147483647;
			files = (
				0C9E200F2BA9D7D400C420CA /* Model.swift in Sources */,
				0C9E1FDF2BA9BAAA00C420CA /* ViewController.swift in Sources */,
				0C9E1FDB2BA9BAAA00C420CA /* AppDelegate.swift in Sources */,
				0C9E200B2BA9C3B100C420CA /* AddDishViewController.swift in Sources */,
				0C9E1FDD2BA9BAAA00C420CA /* SceneDelegate.swift in Sources */,
			);
			runOnlyForDeploymentPostprocessing = 0;
		};
		0C9E1FE92BA9BAAD00C420CA /* Sources */ = {
			isa = PBXSourcesBuildPhase;
			buildActionMask = 2147483647;
			files = (
				0C9E1FF22BA9BAAD00C420CA /* randomFoodTests.swift in Sources */,
			);
			runOnlyForDeploymentPostprocessing = 0;
		};
		0C9E1FF32BA9BAAD00C420CA /* Sources */ = {
			isa = PBXSourcesBuildPhase;
			buildActionMask = 2147483647;
			files = (
				0C9E1FFC2BA9BAAD00C420CA /* randomFoodUITests.swift in Sources */,
				0C9E1FFE2BA9BAAD00C420CA /* randomFoodUITestsLaunchTests.swift in Sources */,
			);
			runOnlyForDeploymentPostprocessing = 0;
		};
/* End PBXSourcesBuildPhase section */

/* Begin PBXTargetDependency section */
		0C9E1FEF2BA9BAAD00C420CA /* PBXTargetDependency */ = {
			isa = PBXTargetDependency;
			target = 0C9E1FD62BA9BAAA00C420CA /* randomFood */;
			targetProxy = 0C9E1FEE2BA9BAAD00C420CA /* PBXContainerItemProxy */;
		};
		0C9E1FF92BA9BAAD00C420CA /* PBXTargetDependency */ = {
			isa = PBXTargetDependency;
			target = 0C9E1FD62BA9BAAA00C420CA /* randomFood */;
			targetProxy = 0C9E1FF82BA9BAAD00C420CA /* PBXContainerItemProxy */;
		};
/* End PBXTargetDependency section */

/* Begin PBXVariantGroup section */
		0C9E1FE02BA9BAAA00C420CA /* Main.storyboard */ = {
			isa = PBXVariantGroup;
			children = (
				0C9E1FE12BA9BAAA00C420CA /* Base */,
			);
			name = Main.storyboard;
			sourceTree = "<group>";
		};
		0C9E1FE52BA9BAAC00C420CA /* LaunchScreen.storyboard */ = {
			isa = PBXVariantGroup;
			children = (
				0C9E1FE62BA9BAAC00C420CA /* Base */,
			);
			name = LaunchScreen.storyboard;
			sourceTree = "<group>";
		};
/* End PBXVariantGroup section */

/* Begin XCBuildConfiguration section */
		0C9E1FFF2BA9BAAD00C420CA /* Debug */ = {
			isa = XCBuildConfiguration;
			buildSettings = {
				ALWAYS_SEARCH_USER_PATHS = NO;
				ASSETCATALOG_COMPILER_GENERATE_SWIFT_ASSET_SYMBOL_EXTENSIONS = YES;
				CLANG_ANALYZER_NONNULL = YES;
				CLANG_ANALYZER_NUMBER_OBJECT_CONVERSION = YES_AGGRESSIVE;
				CLANG_CXX_LANGUAGE_STANDARD = "gnu++20";
				CLANG_ENABLE_MODULES = YES;
				CLANG_ENABLE_OBJC_ARC = YES;
				CLANG_ENABLE_OBJC_WEAK = YES;
				CLANG_WARN_BLOCK_CAPTURE_AUTORELEASING = YES;
				CLANG_WARN_BOOL_CONVERSION = YES;
				CLANG_WARN_COMMA = YES;
				CLANG_WARN_CONSTANT_CONVERSION = YES;
				CLANG_WARN_DEPRECATED_OBJC_IMPLEMENTATIONS = YES;
				CLANG_WARN_DIRECT_OBJC_ISA_USAGE = YES_ERROR;
				CLANG_WARN_DOCUMENTATION_COMMENTS = YES;
				CLANG_WARN_EMPTY_BODY = YES;
				CLANG_WARN_ENUM_CONVERSION = YES;
				CLANG_WARN_INFINITE_RECURSION = YES;
				CLANG_WARN_INT_CONVERSION = YES;
				CLANG_WARN_NON_LITERAL_NULL_CONVERSION = YES;
				CLANG_WARN_OBJC_IMPLICIT_RETAIN_SELF = YES;
				CLANG_WARN_OBJC_LITERAL_CONVERSION = YES;
				CLANG_WARN_OBJC_ROOT_CLASS = YES_ERROR;
				CLANG_WARN_QUOTED_INCLUDE_IN_FRAMEWORK_HEADER = YES;
				CLANG_WARN_RANGE_LOOP_ANALYSIS = YES;
				CLANG_WARN_STRICT_PROTOTYPES = YES;
				CLANG_WARN_SUSPICIOUS_MOVE = YES;
				CLANG_WARN_UNGUARDED_AVAILABILITY = YES_AGGRESSIVE;
				CLANG_WARN_UNREACHABLE_CODE = YES;
				CLANG_WARN__DUPLICATE_METHOD_MATCH = YES;
				COPY_PHASE_STRIP = NO;
				DEBUG_INFORMATION_FORMAT = dwarf;
				ENABLE_STRICT_OBJC_MSGSEND = YES;
				ENABLE_TESTABILITY = YES;
				ENABLE_USER_SCRIPT_SANDBOXING = YES;
				GCC_C_LANGUAGE_STANDARD = gnu17;
				GCC_DYNAMIC_NO_PIC = NO;
				GCC_NO_COMMON_BLOCKS = YES;
				GCC_OPTIMIZATION_LEVEL = 0;
				GCC_PREPROCESSOR_DEFINITIONS = (
					"DEBUG=1",
					"$(inherited)",
				);
				GCC_WARN_64_TO_32_BIT_CONVERSION = YES;
				GCC_WARN_ABOUT_RETURN_TYPE = YES_ERROR;
				GCC_WARN_UNDECLARED_SELECTOR = YES;
				GCC_WARN_UNINITIALIZED_AUTOS = YES_AGGRESSIVE;
				GCC_WARN_UNUSED_FUNCTION = YES;
				GCC_WARN_UNUSED_VARIABLE = YES;
				IPHONEOS_DEPLOYMENT_TARGET = 17.4;
				LOCALIZATION_PREFERS_STRING_CATALOGS = YES;
				MTL_ENABLE_DEBUG_INFO = INCLUDE_SOURCE;
				MTL_FAST_MATH = YES;
				ONLY_ACTIVE_ARCH = YES;
				SDKROOT = iphoneos;
				SWIFT_ACTIVE_COMPILATION_CONDITIONS = "DEBUG $(inherited)";
				SWIFT_OPTIMIZATION_LEVEL = "-Onone";
			};
			name = Debug;
		};
		0C9E20002BA9BAAD00C420CA /* Release */ = {
			isa = XCBuildConfiguration;
			buildSettings = {
				ALWAYS_SEARCH_USER_PATHS = NO;
				ASSETCATALOG_COMPILER_GENERATE_SWIFT_ASSET_SYMBOL_EXTENSIONS = YES;
				CLANG_ANALYZER_NONNULL = YES;
				CLANG_ANALYZER_NUMBER_OBJECT_CONVERSION = YES_AGGRESSIVE;
				CLANG_CXX_LANGUAGE_STANDARD = "gnu++20";
				CLANG_ENABLE_MODULES = YES;
				CLANG_ENABLE_OBJC_ARC = YES;
				CLANG_ENABLE_OBJC_WEAK = YES;
				CLANG_WARN_BLOCK_CAPTURE_AUTORELEASING = YES;
				CLANG_WARN_BOOL_CONVERSION = YES;
				CLANG_WARN_COMMA = YES;
				CLANG_WARN_CONSTANT_CONVERSION = YES;
				CLANG_WARN_DEPRECATED_OBJC_IMPLEMENTATIONS = YES;
				CLANG_WARN_DIRECT_OBJC_ISA_USAGE = YES_ERROR;
				CLANG_WARN_DOCUMENTATION_COMMENTS = YES;
				CLANG_WARN_EMPTY_BODY = YES;
				CLANG_WARN_ENUM_CONVERSION = YES;
				CLANG_WARN_INFINITE_RECURSION = YES;
				CLANG_WARN_INT_CONVERSION = YES;
				CLANG_WARN_NON_LITERAL_NULL_CONVERSION = YES;
				CLANG_WARN_OBJC_IMPLICIT_RETAIN_SELF = YES;
				CLANG_WARN_OBJC_LITERAL_CONVERSION = YES;
				CLANG_WARN_OBJC_ROOT_CLASS = YES_ERROR;
				CLANG_WARN_QUOTED_INCLUDE_IN_FRAMEWORK_HEADER = YES;
				CLANG_WARN_RANGE_LOOP_ANALYSIS = YES;
				CLANG_WARN_STRICT_PROTOTYPES = YES;
				CLANG_WARN_SUSPICIOUS_MOVE = YES;
				CLANG_WARN_UNGUARDED_AVAILABILITY = YES_AGGRESSIVE;
				CLANG_WARN_UNREACHABLE_CODE = YES;
				CLANG_WARN__DUPLICATE_METHOD_MATCH = YES;
				COPY_PHASE_STRIP = NO;
				DEBUG_INFORMATION_FORMAT = "dwarf-with-dsym";
				ENABLE_NS_ASSERTIONS = NO;
				ENABLE_STRICT_OBJC_MSGSEND = YES;
				ENABLE_USER_SCRIPT_SANDBOXING = YES;
				GCC_C_LANGUAGE_STANDARD = gnu17;
				GCC_NO_COMMON_BLOCKS = YES;
				GCC_WARN_64_TO_32_BIT_CONVERSION = YES;
				GCC_WARN_ABOUT_RETURN_TYPE = YES_ERROR;
				GCC_WARN_UNDECLARED_SELECTOR = YES;
				GCC_WARN_UNINITIALIZED_AUTOS = YES_AGGRESSIVE;
				GCC_WARN_UNUSED_FUNCTION = YES;
				GCC_WARN_UNUSED_VARIABLE = YES;
				IPHONEOS_DEPLOYMENT_TARGET = 17.4;
				LOCALIZATION_PREFERS_STRING_CATALOGS = YES;
				MTL_ENABLE_DEBUG_INFO = NO;
				MTL_FAST_MATH = YES;
				SDKROOT = iphoneos;
				SWIFT_COMPILATION_MODE = wholemodule;
				VALIDATE_PRODUCT = YES;
			};
			name = Release;
		};
		0C9E20022BA9BAAD00C420CA /* Debug */ = {
			isa = XCBuildConfiguration;
			buildSettings = {
				ASSETCATALOG_COMPILER_APPICON_NAME = AppIcon;
				ASSETCATALOG_COMPILER_GLOBAL_ACCENT_COLOR_NAME = AccentColor;
				CODE_SIGN_STYLE = Automatic;
				CURRENT_PROJECT_VERSION = 1;
				GENERATE_INFOPLIST_FILE = YES;
				INFOPLIST_FILE = randomFood/Info.plist;
				INFOPLIST_KEY_UIApplicationSupportsIndirectInputEvents = YES;
				INFOPLIST_KEY_UILaunchStoryboardName = LaunchScreen;
				INFOPLIST_KEY_UIMainStoryboardFile = Main;
				INFOPLIST_KEY_UISupportedInterfaceOrientations_iPad = "UIInterfaceOrientationPortrait UIInterfaceOrientationPortraitUpsideDown UIInterfaceOrientationLandscapeLeft UIInterfaceOrientationLandscapeRight";
				INFOPLIST_KEY_UISupportedInterfaceOrientations_iPhone = "UIInterfaceOrientationPortrait UIInterfaceOrientationLandscapeLeft UIInterfaceOrientationLandscapeRight";
				LD_RUNPATH_SEARCH_PATHS = (
					"$(inherited)",
					"@executable_path/Frameworks",
				);
				MARKETING_VERSION = 1.0;
				PRODUCT_BUNDLE_IDENTIFIER = Jonas.randomFood;
				PRODUCT_NAME = "$(TARGET_NAME)";
				SWIFT_EMIT_LOC_STRINGS = YES;
				SWIFT_VERSION = 5.0;
				TARGETED_DEVICE_FAMILY = "1,2";
			};
			name = Debug;
		};
		0C9E20032BA9BAAD00C420CA /* Release */ = {
			isa = XCBuildConfiguration;
			buildSettings = {
				ASSETCATALOG_COMPILER_APPICON_NAME = AppIcon;
				ASSETCATALOG_COMPILER_GLOBAL_ACCENT_COLOR_NAME = AccentColor;
				CODE_SIGN_STYLE = Automatic;
				CURRENT_PROJECT_VERSION = 1;
				GENERATE_INFOPLIST_FILE = YES;
				INFOPLIST_FILE = randomFood/Info.plist;
				INFOPLIST_KEY_UIApplicationSupportsIndirectInputEvents = YES;
				INFOPLIST_KEY_UILaunchStoryboardName = LaunchScreen;
				INFOPLIST_KEY_UIMainStoryboardFile = Main;
				INFOPLIST_KEY_UISupportedInterfaceOrientations_iPad = "UIInterfaceOrientationPortrait UIInterfaceOrientationPortraitUpsideDown UIInterfaceOrientationLandscapeLeft UIInterfaceOrientationLandscapeRight";
				INFOPLIST_KEY_UISupportedInterfaceOrientations_iPhone = "UIInterfaceOrientationPortrait UIInterfaceOrientationLandscapeLeft UIInterfaceOrientationLandscapeRight";
				LD_RUNPATH_SEARCH_PATHS = (
					"$(inherited)",
					"@executable_path/Frameworks",
				);
				MARKETING_VERSION = 1.0;
				PRODUCT_BUNDLE_IDENTIFIER = Jonas.randomFood;
				PRODUCT_NAME = "$(TARGET_NAME)";
				SWIFT_EMIT_LOC_STRINGS = YES;
				SWIFT_VERSION = 5.0;
				TARGETED_DEVICE_FAMILY = "1,2";
			};
			name = Release;
		};
		0C9E20052BA9BAAD00C420CA /* Debug */ = {
			isa = XCBuildConfiguration;
			buildSettings = {
				ALWAYS_EMBED_SWIFT_STANDARD_LIBRARIES = YES;
				BUNDLE_LOADER = "$(TEST_HOST)";
				CODE_SIGN_STYLE = Automatic;
				CURRENT_PROJECT_VERSION = 1;
				GENERATE_INFOPLIST_FILE = YES;
				IPHONEOS_DEPLOYMENT_TARGET = 17.4;
				MARKETING_VERSION = 1.0;
				PRODUCT_BUNDLE_IDENTIFIER = Jonas.randomFoodTests;
				PRODUCT_NAME = "$(TARGET_NAME)";
				SWIFT_EMIT_LOC_STRINGS = NO;
				SWIFT_VERSION = 5.0;
				TARGETED_DEVICE_FAMILY = "1,2";
				TEST_HOST = "$(BUILT_PRODUCTS_DIR)/randomFood.app/$(BUNDLE_EXECUTABLE_FOLDER_PATH)/randomFood";
			};
			name = Debug;
		};
		0C9E20062BA9BAAD00C420CA /* Release */ = {
			isa = XCBuildConfiguration;
			buildSettings = {
				ALWAYS_EMBED_SWIFT_STANDARD_LIBRARIES = YES;
				BUNDLE_LOADER = "$(TEST_HOST)";
				CODE_SIGN_STYLE = Automatic;
				CURRENT_PROJECT_VERSION = 1;
				GENERATE_INFOPLIST_FILE = YES;
				IPHONEOS_DEPLOYMENT_TARGET = 17.4;
				MARKETING_VERSION = 1.0;
				PRODUCT_BUNDLE_IDENTIFIER = Jonas.randomFoodTests;
				PRODUCT_NAME = "$(TARGET_NAME)";
				SWIFT_EMIT_LOC_STRINGS = NO;
				SWIFT_VERSION = 5.0;
				TARGETED_DEVICE_FAMILY = "1,2";
				TEST_HOST = "$(BUILT_PRODUCTS_DIR)/randomFood.app/$(BUNDLE_EXECUTABLE_FOLDER_PATH)/randomFood";
			};
			name = Release;
		};
		0C9E20082BA9BAAD00C420CA /* Debug */ = {
			isa = XCBuildConfiguration;
			buildSettings = {
				ALWAYS_EMBED_SWIFT_STANDARD_LIBRARIES = YES;
				CODE_SIGN_STYLE = Automatic;
				CURRENT_PROJECT_VERSION = 1;
				GENERATE_INFOPLIST_FILE = YES;
				MARKETING_VERSION = 1.0;
				PRODUCT_BUNDLE_IDENTIFIER = Jonas.randomFoodUITests;
				PRODUCT_NAME = "$(TARGET_NAME)";
				SWIFT_EMIT_LOC_STRINGS = NO;
				SWIFT_VERSION = 5.0;
				TARGETED_DEVICE_FAMILY = "1,2";
				TEST_TARGET_NAME = randomFood;
			};
			name = Debug;
		};
		0C9E20092BA9BAAD00C420CA /* Release */ = {
			isa = XCBuildConfiguration;
			buildSettings = {
				ALWAYS_EMBED_SWIFT_STANDARD_LIBRARIES = YES;
				CODE_SIGN_STYLE = Automatic;
				CURRENT_PROJECT_VERSION = 1;
				GENERATE_INFOPLIST_FILE = YES;
				MARKETING_VERSION = 1.0;
				PRODUCT_BUNDLE_IDENTIFIER = Jonas.randomFoodUITests;
				PRODUCT_NAME = "$(TARGET_NAME)";
				SWIFT_EMIT_LOC_STRINGS = NO;
				SWIFT_VERSION = 5.0;
				TARGETED_DEVICE_FAMILY = "1,2";
				TEST_TARGET_NAME = randomFood;
			};
			name = Release;
		};
/* End XCBuildConfiguration section */

/* Begin XCConfigurationList section */
		0C9E1FD22BA9BAAA00C420CA /* Build configuration list for PBXProject "randomFood" */ = {
			isa = XCConfigurationList;
			buildConfigurations = (
				0C9E1FFF2BA9BAAD00C420CA /* Debug */,
				0C9E20002BA9BAAD00C420CA /* Release */,
			);
			defaultConfigurationIsVisible = 0;
			defaultConfigurationName = Release;
		};
		0C9E20012BA9BAAD00C420CA /* Build configuration list for PBXNativeTarget "randomFood" */ = {
			isa = XCConfigurationList;
			buildConfigurations = (
				0C9E20022BA9BAAD00C420CA /* Debug */,
				0C9E20032BA9BAAD00C420CA /* Release */,
			);
			defaultConfigurationIsVisible = 0;
			defaultConfigurationName = Release;
		};
		0C9E20042BA9BAAD00C420CA /* Build configuration list for PBXNativeTarget "randomFoodTests" */ = {
			isa = XCConfigurationList;
			buildConfigurations = (
				0C9E20052BA9BAAD00C420CA /* Debug */,
				0C9E20062BA9BAAD00C420CA /* Release */,
			);
			defaultConfigurationIsVisible = 0;
			defaultConfigurationName = Release;
		};
		0C9E20072BA9BAAD00C420CA /* Build configuration list for PBXNativeTarget "randomFoodUITests" */ = {
			isa = XCConfigurationList;
			buildConfigurations = (
				0C9E20082BA9BAAD00C420CA /* Debug */,
				0C9E20092BA9BAAD00C420CA /* Release */,
			);
			defaultConfigurationIsVisible = 0;
			defaultConfigurationName = Release;
		};
/* End XCConfigurationList section */
	};
	rootObject = 0C9E1FCF2BA9BAAA00C420CA /* Project object */;
}
